#MicroXplorer Configuration settings - do not modify
Mcu.Family=STM32F4
ProjectManager.MainLocation=Core/Src
ADC1.Rank-14\#ChannelRegularConversion=15
RCC.CortexFreq_Value=168000000
ProjectManager.KeepUserCode=true
Mcu.UserName=STM32F417VGTx
ADC1.ContinuousConvMode=DISABLE
SH.ADCx_IN2.0=ADC1_IN2,IN2
ADC1.SamplingTime-6\#ChannelRegularConversion=ADC_SAMPLETIME_3CYCLES
RCC.PLLCLKFreq_Value=168000000
RCC.PLLQCLKFreq_Value=84000000
PC7.Locked=true
ProjectManager.functionlistsort=1-SystemClock_Config-RCC-false-HAL-false,2-MX_GPIO_Init-GPIO-false-HAL-true,3-MX_ADC1_Init-ADC1-false-HAL-true,4-MX_TIM2_Init-TIM2-false-HAL-true,5-MX_USART6_UART_Init-USART6-false-HAL-true
RCC.RTCFreq_Value=32000
ADC1.SamplingTime-12\#ChannelRegularConversion=ADC_SAMPLETIME_3CYCLES
ADC1.Channel-14\#ChannelRegularConversion=ADC_CHANNEL_8
PinOutPanel.RotationAngle=0
ADC1.Channel-8\#ChannelRegularConversion=ADC_CHANNEL_4
RCC.SYSCLKSource=RCC_SYSCLKSOURCE_PLLCLK
ProjectManager.StackSize=0x400
PD13.Signal=GPIO_Output
Mcu.IP4=TIM2
RCC.FCLKCortexFreq_Value=168000000
Mcu.IP5=USART6
PD13.Locked=true
NVIC.SVCall_IRQn=true\:0\:0\:false\:false\:true\:false\:false
Mcu.IP2=RCC
Mcu.IP3=SYS
Mcu.IP0=ADC1
Mcu.IP1=NVIC
Mcu.UserConstants=
ADC1.Channel-5\#ChannelRegularConversion=ADC_CHANNEL_1
Mcu.ThirdPartyNb=0
ADC1.Rank-11\#ChannelRegularConversion=12
ADC1.Channel-3\#ChannelRegularConversion=ADC_CHANNEL_13
RCC.HCLKFreq_Value=168000000
SH.ADCx_IN3.0=ADC1_IN3,IN3
Mcu.IPNb=6
RCC.I2SClocksFreq_Value=192000000
TIM2.IPParameters=Prescaler,Period
ProjectManager.PreviousToolchain=
RCC.APB2TimFreq_Value=168000000
RCC.VcooutputI2S=192000000
ADC1.Channel-2\#ChannelRegularConversion=ADC_CHANNEL_12
PC7.Signal=USART6_RX
SH.ADCx_IN3.ConfNb=1
SH.ADCx_IN7.ConfNb=1
PC3.Signal=ADCx_IN13
Mcu.Pin6=PA2
Mcu.Pin7=PA3
VP_TIM2_VS_ClockSourceINT.Signal=TIM2_VS_ClockSourceINT
Mcu.Pin8=PA4
Mcu.Pin9=PA5
RCC.AHBFreq_Value=168000000
Mcu.Pin0=PC0
Mcu.Pin1=PC1
Mcu.Pin2=PC2
Mcu.Pin3=PC3
Mcu.Pin4=PA0-WKUP
Mcu.Pin5=PA1
ADC1.Channel-0\#ChannelRegularConversion=ADC_CHANNEL_10
ProjectManager.ProjectBuild=false
RCC.HSE_VALUE=25000000
NVIC.UsageFault_IRQn=true\:0\:0\:false\:false\:true\:false\:false
NVIC.DebugMonitor_IRQn=true\:0\:0\:false\:false\:true\:false\:false
ADC1.ScanConvMode=ENABLE
SH.ADCx_IN14.ConfNb=1
SH.ADCx_IN15.0=ADC1_IN15,IN15
NVIC.SysTick_IRQn=true\:0\:0\:false\:false\:true\:false\:true
ProjectManager.FirmwarePackage=STM32Cube FW_F4 V1.25.2
ADC1.SamplingTime-4\#ChannelRegularConversion=ADC_SAMPLETIME_3CYCLES
MxDb.Version=DB.5.0.60
ADC1.Channel-6\#ChannelRegularConversion=ADC_CHANNEL_2
ADC1.Rank-2\#ChannelRegularConversion=3
ProjectManager.BackupPrevious=false
RCC.VCOInputFreq_Value=2000000
SH.ADCx_IN1.ConfNb=1
NVIC.TIM2_IRQn=true\:0\:0\:false\:false\:true\:true\:true
File.Version=6
SH.ADCx_IN8.0=ADC1_IN8,IN8
SH.ADCx_IN11.ConfNb=1
SH.ADCx_IN13.ConfNb=1
SH.ADCx_IN0.0=ADC1_IN0,IN0
SH.ADCx_IN4.ConfNb=1
NVIC.PendSV_IRQn=true\:0\:0\:false\:false\:true\:false\:false
SH.ADCx_IN6.ConfNb=1
ADC1.Channel-15\#ChannelRegularConversion=ADC_CHANNEL_9
ProjectManager.HalAssertFull=false
ADC1.SamplingTime-0\#ChannelRegularConversion=ADC_SAMPLETIME_3CYCLES
ProjectManager.ProjectName=BLE_F417VG_RYB080I_LM35_V2
ADC1.Rank-15\#ChannelRegularConversion=16
RCC.MCO2PinFreq_Value=168000000
Mcu.Package=LQFP100
ADC1.SamplingTime-11\#ChannelRegularConversion=ADC_SAMPLETIME_3CYCLES
TIM2.Prescaler=8400-1
PA6.Signal=ADCx_IN6
PB1.Signal=ADCx_IN9
SH.ADCx_IN14.0=ADC1_IN14,IN14
USART6.VirtualMode=VM_ASYNC
PD12.Signal=GPIO_Output
ADC1.SamplingTime-13\#ChannelRegularConversion=ADC_SAMPLETIME_3CYCLES
ProjectManager.ToolChainLocation=
RCC.LSI_VALUE=32000
VP_SYS_VS_Systick.Signal=SYS_VS_Systick
ADC1.Channel-11\#ChannelRegularConversion=ADC_CHANNEL_7
USART6.BaudRate=115200
SH.ADCx_IN9.0=ADC1_IN9,IN9
RCC.APB2CLKDivider=RCC_HCLK_DIV2
SH.ADCx_IN1.0=ADC1_IN1,IN1
ADC1.SamplingTime-15\#ChannelRegularConversion=ADC_SAMPLETIME_3CYCLES
RCC.APB1TimFreq_Value=84000000
NVIC.BusFault_IRQn=true\:0\:0\:false\:false\:true\:false\:false
SH.ADCx_IN9.ConfNb=1
PC5.Signal=ADCx_IN15
ADC1.Rank-6\#ChannelRegularConversion=7
ADC1.SamplingTime-8\#ChannelRegularConversion=ADC_SAMPLETIME_3CYCLES
ProjectManager.CustomerFirmwarePackage=
ADC1.Rank-4\#ChannelRegularConversion=5
PA3.Signal=ADCx_IN3
ADC1.Channel-10\#ChannelRegularConversion=ADC_CHANNEL_6
ProjectManager.ProjectFileName=BLE_F417VG_RYB080I_LM35_V2.ioc
SH.ADCx_IN13.0=ADC1_IN13,IN13
ADC1.Rank-0\#ChannelRegularConversion=1
ADC1.Channel-4\#ChannelRegularConversion=ADC_CHANNEL_0
Mcu.PinsNb=23
ADC1.Rank-10\#ChannelRegularConversion=11
ProjectManager.NoMain=false
SH.ADCx_IN6.0=ADC1_IN6,IN6
ADC1.IPParameters=Rank-0\#ChannelRegularConversion,master,Channel-0\#ChannelRegularConversion,SamplingTime-0\#ChannelRegularConversion,NbrOfConversionFlag,ContinuousConvMode,NbrOfConversion,ScanConvMode,DiscontinuousConvMode,Rank-1\#ChannelRegularConversion,Channel-1\#ChannelRegularConversion,SamplingTime-1\#ChannelRegularConversion,Rank-2\#ChannelRegularConversion,Channel-2\#ChannelRegularConversion,SamplingTime-2\#ChannelRegularConversion,Rank-3\#ChannelRegularConversion,Channel-3\#ChannelRegularConversion,SamplingTime-3\#ChannelRegularConversion,Rank-4\#ChannelRegularConversion,Channel-4\#ChannelRegularConversion,SamplingTime-4\#ChannelRegularConversion,Rank-5\#ChannelRegularConversion,Channel-5\#ChannelRegularConversion,SamplingTime-5\#ChannelRegularConversion,Rank-6\#ChannelRegularConversion,Channel-6\#ChannelRegularConversion,SamplingTime-6\#ChannelRegularConversion,Rank-7\#ChannelRegularConversion,Channel-7\#ChannelRegularConversion,SamplingTime-7\#ChannelRegularConversion,Rank-8\#ChannelRegularConversion,Channel-8\#ChannelRegularConversion,SamplingTime-8\#ChannelRegularConversion,Rank-9\#ChannelRegularConversion,Channel-9\#ChannelRegularConversion,SamplingTime-9\#ChannelRegularConversion,Rank-10\#ChannelRegularConversion,Channel-10\#ChannelRegularConversion,SamplingTime-10\#ChannelRegularConversion,Rank-11\#ChannelRegularConversion,Channel-11\#ChannelRegularConversion,SamplingTime-11\#ChannelRegularConversion,Rank-12\#ChannelRegularConversion,Channel-12\#ChannelRegularConversion,SamplingTime-12\#ChannelRegularConversion,Rank-13\#ChannelRegularConversion,Channel-13\#ChannelRegularConversion,SamplingTime-13\#ChannelRegularConversion,Rank-14\#ChannelRegularConversion,Channel-14\#ChannelRegularConversion,SamplingTime-14\#ChannelRegularConversion,Rank-15\#ChannelRegularConversion,Channel-15\#ChannelRegularConversion,SamplingTime-15\#ChannelRegularConversion
USART6.IPParameters=VirtualMode,BaudRate
ADC1.Rank-8\#ChannelRegularConversion=9
PC8.Signal=GPIO_Output
PC4.Signal=ADCx_IN14
PC2.Signal=ADCx_IN12
PC6.Signal=USART6_TX
ADC1.DiscontinuousConvMode=ENABLE
ProjectManager.DefaultFWLocation=true
ProjectManager.DeletePrevious=true
ADC1.Channel-13\#ChannelRegularConversion=ADC_CHANNEL_15
PC0.Signal=ADCx_IN10
RCC.APB1CLKDivider=RCC_HCLK_DIV4
ADC1.SamplingTime-2\#ChannelRegularConversion=ADC_SAMPLETIME_3CYCLES
RCC.FamilyName=M
PA0-WKUP.Signal=ADCx_IN0
ADC1.Channel-7\#ChannelRegularConversion=ADC_CHANNEL_3
PD12.Locked=true
ADC1.Rank-13\#ChannelRegularConversion=14
SH.ADCx_IN12.0=ADC1_IN12,IN12
ProjectManager.TargetToolchain=STM32CubeIDE
SH.ADCx_IN7.0=ADC1_IN7,IN7
PC6.Mode=Asynchronous
PC6.Locked=true
ADC1.Channel-1\#ChannelRegularConversion=ADC_CHANNEL_11
ProjectManager.RegisterCallBack=
RCC.LSE_VALUE=32768
PA1.Signal=ADCx_IN1
PB1.Locked=true
RCC.VCOI2SOutputFreq_Value=384000000
PA5.Signal=ADCx_IN5
board=custom
ADC1.Rank-12\#ChannelRegularConversion=13
RCC.VCOOutputFreq_Value=336000000
ProjectManager.LastFirmware=true
ADC1.SamplingTime-14\#ChannelRegularConversion=ADC_SAMPLETIME_3CYCLES
ADC1.Channel-12\#ChannelRegularConversion=ADC_CHANNEL_14
RCC.APB2Freq_Value=84000000
SH.ADCx_IN11.0=ADC1_IN11,IN11
MxCube.Version=5.6.1
VP_TIM2_VS_ClockSourceINT.Mode=Internal
SH.ADCx_IN0.ConfNb=1
SH.ADCx_IN2.ConfNb=1
SH.ADCx_IN10.ConfNb=1
VP_SYS_VS_Systick.Mode=SysTick
RCC.EthernetFreq_Value=168000000
SH.ADCx_IN12.ConfNb=1
SH.ADCx_IN15.ConfNb=1
SH.ADCx_IN4.0=ADC1_IN4,IN4
NVIC.NonMaskableInt_IRQn=true\:0\:0\:false\:false\:true\:false\:false
ADC1.SamplingTime-10\#ChannelRegularConversion=ADC_SAMPLETIME_3CYCLES
TIM2.Period=10000-1
SH.ADCx_IN8.ConfNb=1
ADC1.Rank-9\#ChannelRegularConversion=10
ADC1.NbrOfConversion=16
ProjectManager.FreePins=false
RCC.IPParameters=48MHZClocksFreq_Value,AHBFreq_Value,APB1CLKDivider,APB1Freq_Value,APB1TimFreq_Value,APB2CLKDivider,APB2Freq_Value,APB2TimFreq_Value,CortexFreq_Value,EthernetFreq_Value,FCLKCortexFreq_Value,FamilyName,HCLKFreq_Value,HSE_VALUE,HSI_VALUE,I2SClocksFreq_Value,LSE_VALUE,LSI_VALUE,MCO2PinFreq_Value,PLLCLKFreq_Value,PLLM,PLLN,PLLQCLKFreq_Value,RTCFreq_Value,RTCHSEDivFreq_Value,SYSCLKFreq_VALUE,SYSCLKSource,VCOI2SOutputFreq_Value,VCOInputFreq_Value,VCOOutputFreq_Value,VcooutputI2S
ProjectManager.AskForMigrate=true
Mcu.Name=STM32F417V(E-G)Tx
RCC.RTCHSEDivFreq_Value=12500000
PA2.Signal=ADCx_IN2
ProjectManager.UnderRoot=true
ADC1.Channel-9\#ChannelRegularConversion=ADC_CHANNEL_5
ProjectManager.CoupleFile=false
RCC.48MHZClocksFreq_Value=84000000
PA4.Signal=ADCx_IN4
ADC1.SamplingTime-1\#ChannelRegularConversion=ADC_SAMPLETIME_3CYCLES
RCC.SYSCLKFreq_VALUE=168000000
Mcu.Pin22=VP_TIM2_VS_ClockSourceINT
PA1.Locked=true
Mcu.Pin20=PC8
ADC1.master=1
Mcu.Pin21=VP_SYS_VS_Systick
ADC1.Rank-3\#ChannelRegularConversion=4
ADC1.SamplingTime-3\#ChannelRegularConversion=ADC_SAMPLETIME_3CYCLES
NVIC.ForceEnableDMAVector=true
KeepUserPlacement=false
NVIC.MemoryManagement_IRQn=true\:0\:0\:false\:false\:true\:false\:false
ProjectManager.CompilerOptimize=6
ADC1.Rank-1\#ChannelRegularConversion=2
SH.ADCx_IN10.0=ADC1_IN10,IN10
ProjectManager.HeapSize=0x200
Mcu.Pin15=PB1
NVIC.HardFault_IRQn=true\:0\:0\:false\:false\:true\:false\:false
Mcu.Pin16=PD12
Mcu.Pin13=PC5
Mcu.Pin14=PB0
Mcu.Pin19=PC7
ADC1.SamplingTime-5\#ChannelRegularConversion=ADC_SAMPLETIME_3CYCLES
ProjectManager.ComputerToolchain=false
Mcu.Pin17=PD13
RCC.HSI_VALUE=16000000
Mcu.Pin18=PC6
SH.ADCx_IN5.0=ADC1_IN5,IN5
ADC1.Rank-7\#ChannelRegularConversion=8
NVIC.PriorityGroup=NVIC_PRIORITYGROUP_4
ADC1.NbrOfConversionFlag=1
Mcu.Pin11=PA7
Mcu.Pin12=PC4
RCC.PLLM=8
RCC.PLLN=168
Mcu.Pin10=PA6
PC8.Locked=true
SH.ADCx_IN5.ConfNb=1
ADC1.SamplingTime-9\#ChannelRegularConversion=ADC_SAMPLETIME_3CYCLES
ADC1.SamplingTime-7\#ChannelRegularConversion=ADC_SAMPLETIME_3CYCLES
PC7.Mode=Asynchronous
RCC.APB1Freq_Value=42000000
PB0.Signal=ADCx_IN8
ADC1.Rank-5\#ChannelRegularConversion=6
ProjectManager.DeviceId=STM32F417VGTx
PC1.Signal=ADCx_IN11
ProjectManager.LibraryCopy=1
PA7.Signal=ADCx_IN7
